
Microsoft Visual Studio Solution File, Format Version 12.00
# Visual Studio Version 17
VisualStudioVersion = 17.12.35506.116
MinimumVisualStudioVersion = 10.0.40219.1
Project("{2150E333-8FDC-42A3-9474-1A3956D46DE8}") = "Services", "Services", "{3FA94C4C-677E-49DF-BD63-873A0DAC394D}"
EndProject
Project("{2150E333-8FDC-42A3-9474-1A3956D46DE8}") = "Catalog", "Catalog", "{EE77FFDE-F6E0-4E91-BB50-DFDCEFFD695F}"
EndProject
Project("{FAE04EC0-301F-11D3-BF4B-00C04F79EFBC}") = "MultiShop.Catalog", "Services\Catalog\MultiShop.Catalog\MultiShop.Catalog.csproj", "{7B72FC67-F70D-49C7-9F0E-ECCDC04E617F}"
EndProject
Project("{2150E333-8FDC-42A3-9474-1A3956D46DE8}") = "Discount", "Discount", "{8B831AB0-9DA5-456D-ABDE-B20B53B62DA0}"
EndProject
Project("{FAE04EC0-301F-11D3-BF4B-00C04F79EFBC}") = "MultiShop.Discount", "Services\Discount\MultiShop.Discount\MultiShop.Discount.csproj", "{7F81411A-AB42-41FE-BA77-10CFAA3322D8}"
EndProject
Project("{2150E333-8FDC-42A3-9474-1A3956D46DE8}") = "Order", "Order", "{8D7043D4-17C8-4ABD-A971-D6FD52530695}"
EndProject
Project("{2150E333-8FDC-42A3-9474-1A3956D46DE8}") = "Core", "Core", "{467AE697-E8E9-488F-979C-B26CE5F4F6C8}"
EndProject
Project("{2150E333-8FDC-42A3-9474-1A3956D46DE8}") = "Infrastructure", "Infrastructure", "{7C754AEA-D3D5-4439-AABE-3C9D269091CE}"
EndProject
Project("{2150E333-8FDC-42A3-9474-1A3956D46DE8}") = "Presentation", "Presentation", "{02911479-55E7-4CBC-BF31-03954426B186}"
EndProject
Project("{FAE04EC0-301F-11D3-BF4B-00C04F79EFBC}") = "MultiShop.Order.Application", "Services\Order\Core\MultiShop.Order.Application\MultiShop.Order.Application.csproj", "{66B84102-F460-4F48-9BD7-D4D4D1F797FE}"
EndProject
Project("{FAE04EC0-301F-11D3-BF4B-00C04F79EFBC}") = "MultiShop.Order.WebApi", "Services\Order\Presentation\MultiShop.Order.WebApi\MultiShop.Order.WebApi.csproj", "{6A87E32D-B628-43F9-B211-1F22233BDD8E}"
EndProject
Project("{FAE04EC0-301F-11D3-BF4B-00C04F79EFBC}") = "MultiShop.Order.Domain", "Services\Order\Core\MultiShop.Order.Domain\MultiShop.Order.Domain.csproj", "{562BCF3B-5321-44BB-9980-C8978F5E8234}"
EndProject
Project("{FAE04EC0-301F-11D3-BF4B-00C04F79EFBC}") = "MultiShop.Order.Persistance", "Services\Order\Infrastructure\MultiShop.Order.Persistance\MultiShop.Order.Persistance.csproj", "{81E40127-8AB1-47ED-8A74-1B22C03CEAB8}"
EndProject
Project("{2150E333-8FDC-42A3-9474-1A3956D46DE8}") = "IdentityServer", "IdentityServer", "{EA58003A-402F-47DB-B95F-335BF52D8193}"
EndProject
Project("{FAE04EC0-301F-11D3-BF4B-00C04F79EFBC}") = "MultiShop.IdentityServer", "IdentityServer\MultiShop.IdentityServer\MultiShop.IdentityServer.csproj", "{AC2AAF1E-EF78-44A8-8A3E-4791C5ABC46F}"
EndProject
Project("{2150E333-8FDC-42A3-9474-1A3956D46DE8}") = "Cargo", "Cargo", "{EC4016B4-B2BB-4ECD-84DD-87FCB1FF1A05}"
EndProject
Project("{FAE04EC0-301F-11D3-BF4B-00C04F79EFBC}") = "MultiShop.Cargo.BusinessLayer", "Services\Cargo\MultiShop.Cargo.BusinessLayer\MultiShop.Cargo.BusinessLayer.csproj", "{E5A0DEAD-4F14-44BE-83B1-4EBF96F61FEC}"
EndProject
Project("{FAE04EC0-301F-11D3-BF4B-00C04F79EFBC}") = "MultiShop.Business.EntityLayer", "Services\Cargo\MultiShop.Business.EntityLayer\MultiShop.Business.EntityLayer.csproj", "{4A6DD2C2-E51B-41B0-AC60-473337133B5A}"
EndProject
Project("{FAE04EC0-301F-11D3-BF4B-00C04F79EFBC}") = "MultiShop.Cargo.DataAccessLayer", "Services\Cargo\MultiShop.Cargo.DataAccessLayer\MultiShop.Cargo.DataAccessLayer.csproj", "{D28C73AF-C5BE-4E7C-BF99-66730BDFEDE8}"
EndProject
Project("{FAE04EC0-301F-11D3-BF4B-00C04F79EFBC}") = "MultiShop.Cargo.DtoLayer", "Services\Cargo\MultiShop.Cargo.DtoLayer\MultiShop.Cargo.DtoLayer.csproj", "{AA1BD1A5-0208-43BB-A0DD-DF09A7EA973B}"
EndProject
Project("{FAE04EC0-301F-11D3-BF4B-00C04F79EFBC}") = "MultiShop.Cargo.WebApi", "Services\Cargo\MultiShop.Cargo.WebApi\MultiShop.Cargo.WebApi.csproj", "{16201B37-CC58-49FD-A4E8-F883A98E62AA}"
EndProject
Project("{2150E333-8FDC-42A3-9474-1A3956D46DE8}") = "Basket", "Basket", "{51B22C94-807D-4941-AB8F-9AE5A2057D01}"
EndProject
Global
	GlobalSection(SolutionConfigurationPlatforms) = preSolution
		Debug|Any CPU = Debug|Any CPU
		Release|Any CPU = Release|Any CPU
	EndGlobalSection
	GlobalSection(ProjectConfigurationPlatforms) = postSolution
		{7B72FC67-F70D-49C7-9F0E-ECCDC04E617F}.Debug|Any CPU.ActiveCfg = Debug|Any CPU
		{7B72FC67-F70D-49C7-9F0E-ECCDC04E617F}.Debug|Any CPU.Build.0 = Debug|Any CPU
		{7B72FC67-F70D-49C7-9F0E-ECCDC04E617F}.Release|Any CPU.ActiveCfg = Release|Any CPU
		{7B72FC67-F70D-49C7-9F0E-ECCDC04E617F}.Release|Any CPU.Build.0 = Release|Any CPU
		{7F81411A-AB42-41FE-BA77-10CFAA3322D8}.Debug|Any CPU.ActiveCfg = Debug|Any CPU
		{7F81411A-AB42-41FE-BA77-10CFAA3322D8}.Debug|Any CPU.Build.0 = Debug|Any CPU
		{7F81411A-AB42-41FE-BA77-10CFAA3322D8}.Release|Any CPU.ActiveCfg = Release|Any CPU
		{7F81411A-AB42-41FE-BA77-10CFAA3322D8}.Release|Any CPU.Build.0 = Release|Any CPU
		{66B84102-F460-4F48-9BD7-D4D4D1F797FE}.Debug|Any CPU.ActiveCfg = Debug|Any CPU
		{66B84102-F460-4F48-9BD7-D4D4D1F797FE}.Debug|Any CPU.Build.0 = Debug|Any CPU
		{66B84102-F460-4F48-9BD7-D4D4D1F797FE}.Release|Any CPU.ActiveCfg = Release|Any CPU
		{66B84102-F460-4F48-9BD7-D4D4D1F797FE}.Release|Any CPU.Build.0 = Release|Any CPU
		{6A87E32D-B628-43F9-B211-1F22233BDD8E}.Debug|Any CPU.ActiveCfg = Debug|Any CPU
		{6A87E32D-B628-43F9-B211-1F22233BDD8E}.Debug|Any CPU.Build.0 = Debug|Any CPU
		{6A87E32D-B628-43F9-B211-1F22233BDD8E}.Release|Any CPU.ActiveCfg = Release|Any CPU
		{6A87E32D-B628-43F9-B211-1F22233BDD8E}.Release|Any CPU.Build.0 = Release|Any CPU
		{562BCF3B-5321-44BB-9980-C8978F5E8234}.Debug|Any CPU.ActiveCfg = Debug|Any CPU
		{562BCF3B-5321-44BB-9980-C8978F5E8234}.Debug|Any CPU.Build.0 = Debug|Any CPU
		{562BCF3B-5321-44BB-9980-C8978F5E8234}.Release|Any CPU.ActiveCfg = Release|Any CPU
		{562BCF3B-5321-44BB-9980-C8978F5E8234}.Release|Any CPU.Build.0 = Release|Any CPU
		{81E40127-8AB1-47ED-8A74-1B22C03CEAB8}.Debug|Any CPU.ActiveCfg = Debug|Any CPU
		{81E40127-8AB1-47ED-8A74-1B22C03CEAB8}.Debug|Any CPU.Build.0 = Debug|Any CPU
		{81E40127-8AB1-47ED-8A74-1B22C03CEAB8}.Release|Any CPU.ActiveCfg = Release|Any CPU
		{81E40127-8AB1-47ED-8A74-1B22C03CEAB8}.Release|Any CPU.Build.0 = Release|Any CPU
		{AC2AAF1E-EF78-44A8-8A3E-4791C5ABC46F}.Debug|Any CPU.ActiveCfg = Debug|Any CPU
		{AC2AAF1E-EF78-44A8-8A3E-4791C5ABC46F}.Debug|Any CPU.Build.0 = Debug|Any CPU
		{AC2AAF1E-EF78-44A8-8A3E-4791C5ABC46F}.Release|Any CPU.ActiveCfg = Release|Any CPU
		{AC2AAF1E-EF78-44A8-8A3E-4791C5ABC46F}.Release|Any CPU.Build.0 = Release|Any CPU
		{E5A0DEAD-4F14-44BE-83B1-4EBF96F61FEC}.Debug|Any CPU.ActiveCfg = Debug|Any CPU
		{E5A0DEAD-4F14-44BE-83B1-4EBF96F61FEC}.Debug|Any CPU.Build.0 = Debug|Any CPU
		{E5A0DEAD-4F14-44BE-83B1-4EBF96F61FEC}.Release|Any CPU.ActiveCfg = Release|Any CPU
		{E5A0DEAD-4F14-44BE-83B1-4EBF96F61FEC}.Release|Any CPU.Build.0 = Release|Any CPU
		{4A6DD2C2-E51B-41B0-AC60-473337133B5A}.Debug|Any CPU.ActiveCfg = Debug|Any CPU
		{4A6DD2C2-E51B-41B0-AC60-473337133B5A}.Debug|Any CPU.Build.0 = Debug|Any CPU
		{4A6DD2C2-E51B-41B0-AC60-473337133B5A}.Release|Any CPU.ActiveCfg = Release|Any CPU
		{4A6DD2C2-E51B-41B0-AC60-473337133B5A}.Release|Any CPU.Build.0 = Release|Any CPU
		{D28C73AF-C5BE-4E7C-BF99-66730BDFEDE8}.Debug|Any CPU.ActiveCfg = Debug|Any CPU
		{D28C73AF-C5BE-4E7C-BF99-66730BDFEDE8}.Debug|Any CPU.Build.0 = Debug|Any CPU
		{D28C73AF-C5BE-4E7C-BF99-66730BDFEDE8}.Release|Any CPU.ActiveCfg = Release|Any CPU
		{D28C73AF-C5BE-4E7C-BF99-66730BDFEDE8}.Release|Any CPU.Build.0 = Release|Any CPU
		{AA1BD1A5-0208-43BB-A0DD-DF09A7EA973B}.Debug|Any CPU.ActiveCfg = Debug|Any CPU
		{AA1BD1A5-0208-43BB-A0DD-DF09A7EA973B}.Debug|Any CPU.Build.0 = Debug|Any CPU
		{AA1BD1A5-0208-43BB-A0DD-DF09A7EA973B}.Release|Any CPU.ActiveCfg = Release|Any CPU
		{AA1BD1A5-0208-43BB-A0DD-DF09A7EA973B}.Release|Any CPU.Build.0 = Release|Any CPU
		{16201B37-CC58-49FD-A4E8-F883A98E62AA}.Debug|Any CPU.ActiveCfg = Debug|Any CPU
		{16201B37-CC58-49FD-A4E8-F883A98E62AA}.Debug|Any CPU.Build.0 = Debug|Any CPU
		{16201B37-CC58-49FD-A4E8-F883A98E62AA}.Release|Any CPU.ActiveCfg = Release|Any CPU
		{16201B37-CC58-49FD-A4E8-F883A98E62AA}.Release|Any CPU.Build.0 = Release|Any CPU
	EndGlobalSection
	GlobalSection(SolutionProperties) = preSolution
		HideSolutionNode = FALSE
	EndGlobalSection
	GlobalSection(NestedProjects) = preSolution
		{EE77FFDE-F6E0-4E91-BB50-DFDCEFFD695F} = {3FA94C4C-677E-49DF-BD63-873A0DAC394D}
		{7B72FC67-F70D-49C7-9F0E-ECCDC04E617F} = {EE77FFDE-F6E0-4E91-BB50-DFDCEFFD695F}
		{8B831AB0-9DA5-456D-ABDE-B20B53B62DA0} = {3FA94C4C-677E-49DF-BD63-873A0DAC394D}
		{7F81411A-AB42-41FE-BA77-10CFAA3322D8} = {8B831AB0-9DA5-456D-ABDE-B20B53B62DA0}
		{8D7043D4-17C8-4ABD-A971-D6FD52530695} = {3FA94C4C-677E-49DF-BD63-873A0DAC394D}
		{467AE697-E8E9-488F-979C-B26CE5F4F6C8} = {8D7043D4-17C8-4ABD-A971-D6FD52530695}
		{7C754AEA-D3D5-4439-AABE-3C9D269091CE} = {8D7043D4-17C8-4ABD-A971-D6FD52530695}
		{02911479-55E7-4CBC-BF31-03954426B186} = {8D7043D4-17C8-4ABD-A971-D6FD52530695}
		{66B84102-F460-4F48-9BD7-D4D4D1F797FE} = {467AE697-E8E9-488F-979C-B26CE5F4F6C8}
		{6A87E32D-B628-43F9-B211-1F22233BDD8E} = {02911479-55E7-4CBC-BF31-03954426B186}
		{562BCF3B-5321-44BB-9980-C8978F5E8234} = {467AE697-E8E9-488F-979C-B26CE5F4F6C8}
		{81E40127-8AB1-47ED-8A74-1B22C03CEAB8} = {7C754AEA-D3D5-4439-AABE-3C9D269091CE}
		{AC2AAF1E-EF78-44A8-8A3E-4791C5ABC46F} = {EA58003A-402F-47DB-B95F-335BF52D8193}
		{EC4016B4-B2BB-4ECD-84DD-87FCB1FF1A05} = {3FA94C4C-677E-49DF-BD63-873A0DAC394D}
		{E5A0DEAD-4F14-44BE-83B1-4EBF96F61FEC} = {EC4016B4-B2BB-4ECD-84DD-87FCB1FF1A05}
		{4A6DD2C2-E51B-41B0-AC60-473337133B5A} = {EC4016B4-B2BB-4ECD-84DD-87FCB1FF1A05}
		{D28C73AF-C5BE-4E7C-BF99-66730BDFEDE8} = {EC4016B4-B2BB-4ECD-84DD-87FCB1FF1A05}
		{AA1BD1A5-0208-43BB-A0DD-DF09A7EA973B} = {EC4016B4-B2BB-4ECD-84DD-87FCB1FF1A05}
		{16201B37-CC58-49FD-A4E8-F883A98E62AA} = {EC4016B4-B2BB-4ECD-84DD-87FCB1FF1A05}
		{51B22C94-807D-4941-AB8F-9AE5A2057D01} = {3FA94C4C-677E-49DF-BD63-873A0DAC394D}
	EndGlobalSection
EndGlobal
